{
  "name": "oniknives-site",
  "lockfileVersion": 3,
  "requires": true,
  "packages": {
    "": {
      "name": "oniknives-site",
      "dependencies": {
        "bcryptjs": "^3.0.3",
        "stripe": "^22.2.1"
      }
    },
    "node_modules/bcryptjs": {
      "version": "3.0.3",
      "resolved": "https://registry.npmjs.org/bcryptjs/-/bcryptjs-3.0.3.tgz",
      "integrity": "sha512-GlF5wPWnSa/X5LKM1o0wz0suXIINz1iHRLvTS+sLyi7XPbe5ycmYI3DlZqVGZZtDgl4DmasFg7gOB3JYbphV5g==",
      "license": "BSD-3-Clause",
      "bin": {
        "bcrypt": "bin/bcrypt"
      }
    },
    "node_modules/stripe": {
      "version": "22.2.1",
      "resolved": "https://registry.npmjs.org/stripe/-/stripe-22.2.1.tgz",
      "integrity": "sha512-ULAtq25USBEx3yeN5zimEkfYVFETVMP5om25Ryr8ol11P62imaCZLBIEW78T7zm7Wg3wnZi+80S72yf3LCpNhw==",
      "license": "MIT",
      "engines": {
        "node": ">=18"
      },
      "peerDependencies": {
        "@types/node": ">=18"
      },
      "peerDependenciesMeta": {
        "@types/node": {
          "optional": true
        }
      }
    }
  }
}
